{
  "requires": true,
  "lockfileVersion": 1,
  "dependencies": {
    "aframe-leap-hands": {
      "version": "0.8.0",
      "resolved": "https://registry.npmjs.org/aframe-leap-hands/-/aframe-leap-hands-0.8.0.tgz",
      "integrity": "sha512-XUXHaLSst0Mftr9JZ7QP1v3QbRB15hW5sI47/lMjc4Rc15nQpanR6pCRUS06DsZDPFK9fR8gz81zpY5Yki+lvg=="
    }
  }
}
